// !$*UTF8*$!
{
	archiveVersion = 1;
	classes = {
	};
	objectVersion = 46;
	objects = {

/* Begin PBXBuildFile section */
		4787C11B20AAAC0E00139443 /* main.m in Sources */ = {isa = PBXBuildFile; fileRef = 4787C11A20AAAC0E00139443 /* main.m */; };
		4787C11E20AAAC0E00139443 /* AppDelegate.m in Sources */ = {isa = PBXBuildFile; fileRef = 4787C11D20AAAC0E00139443 /* AppDelegate.m */; };
		4787C12120AAAC0E00139443 /* ViewController.m in Sources */ = {isa = PBXBuildFile; fileRef = 4787C12020AAAC0E00139443 /* ViewController.m */; };
		4787C12420AAAC0E00139443 /* Main.storyboard in Resources */ = {isa = PBXBuildFile; fileRef = 4787C12220AAAC0E00139443 /* Main.storyboard */; };
		4787C12620AAAC0E00139443 /* Assets.xcassets in Resources */ = {isa = PBXBuildFile; fileRef = 4787C12520AAAC0E00139443 /* Assets.xcassets */; };
		4787C12920AAAC0E00139443 /* LaunchScreen.storyboard in Resources */ = {isa = PBXBuildFile; fileRef = 4787C12720AAAC0E00139443 /* LaunchScreen.storyboard */; };
/* End PBXBuildFile section */

/* Begin PBXFileReference section */
		4787C11620AAAC0E00139443 /* size.app */ = {isa = PBXFileReference; explicitFileType = wrapper.application; includeInIndex = 0; path = size.app; sourceTree = BUILT_PRODUCTS_DIR; };
		4787C11A20AAAC0E00139443 /* main.m */ = {isa = PBXFileReference; lastKnownFileType = sourcecode.c.objc; path = main.m; sourceTree = "<group>"; };
		4787C11C20AAAC0E00139443 /* AppDelegate.h */ = {isa = PBXFileReference; lastKnownFileType = sourcecode.c.h; path = AppDelegate.h; sourceTree = "<group>"; };
		4787C11D20AAAC0E00139443 /* AppDelegate.m */ = {isa = PBXFileReference; lastKnownFileType = sourcecode.c.objc; path = AppDelegate.m; sourceTree = "<group>"; };
		4787C11F20AAAC0E00139443 /* ViewController.h */ = {isa = PBXFileReference; lastKnownFileType = sourcecode.c.h; path = ViewController.h; sourceTree = "<group>"; };
		4787C12020AAAC0E00139443 /* ViewController.m */ = {isa = PBXFileReference; lastKnownFileType = sourcecode.c.objc; path = ViewController.m; sourceTree = "<group>"; };
		4787C12320AAAC0E00139443 /* Base */ = {isa = PBXFileReference; lastKnownFileType = file.storyboard; name = Base; path = Base.lproj/Main.storyboard; sourceTree = "<group>"; };
		4787C12520AAAC0E00139443 /* Assets.xcassets */ = {isa = PBXFileReference; lastKnownFileType = folder.assetcatalog; path = Assets.xcassets; sourceTree = "<group>"; };
		4787C12820AAAC0E00139443 /* Base */ = {isa = PBXFileReference; lastKnownFileType = file.storyboard; name = Base; path = Base.lproj/LaunchScreen.storyboard; sourceTree = "<group>"; };
		4787C12A20AAAC0E00139443 /* Info.plist */ = {isa = PBXFileReference; lastKnownFileType = text.plist.xml; path = Info.plist; sourceTree = "<group>"; };
/* End PBXFileReference section */

/* Begin PBXFrameworksBuildPhase section */
		4787C11320AAAC0E00139443 /* Frameworks */ = {
			isa = PBXFrameworksBuildPhase;
			buildActionMask = 2147483647;
			files = (
			);
			runOnlyForDeploymentPostprocessing = 0;
		};
/* End PBXFrameworksBuildPhase section */

/* Begin PBXGroup section */
		4787C10D20AAAC0E00139443 = {
			isa = PBXGroup;
			children = (
				4787C11820AAAC0E00139443 /* size */,
				4787C11720AAAC0E00139443 /* Products */,
			);
			sourceTree = "<group>";
		};
		4787C11720AAAC0E00139443 /* Products */ = {
			isa = PBXGroup;
			children = (
				4787C11620AAAC0E00139443 /* size.app */,
			);
			name = Products;
			sourceTree = "<group>";
		};
		4787C11820AAAC0E00139443 /* size */ = {
			isa = PBXGroup;
			children = (
				4787C11C20AAAC0E00139443 /* AppDelegate.h */,
				4787C11D20AAAC0E00139443 /* AppDelegate.m */,
				4787C11F20AAAC0E00139443 /* ViewController.h */,
				4787C12020AAAC0E00139443 /* ViewController.m */,
				4787C12220AAAC0E00139443 /* Main.storyboard */,
				4787C12520AAAC0E00139443 /* Assets.xcassets */,
				4787C12720AAAC0E00139443 /* LaunchScreen.storyboard */,
				4787C12A20AAAC0E00139443 /* Info.plist */,
				4787C11920AAAC0E00139443 /* Supporting Files */,
			);
			path = size;
			sourceTree = "<group>";
		};
		4787C11920AAAC0E00139443 /* Supporting Files */ = {
			isa = PBXGroup;
			children = (
				4787C11A20AAAC0E00139443 /* main.m */,
			);
			name = "Supporting Files";
			sourceTree = "<group>";
		};
/* End PBXGroup section */

/* Begin PBXNativeTarget section */
		4787C11520AAAC0E00139443 /* size */ = {
			isa = PBXNativeTarget;
			buildConfigurationList = 4787C12D20AAAC0E00139443 /* Build configuration list for PBXNativeTarget "size" */;
			buildPhases = (
				4787C11220AAAC0E00139443 /* Sources */,
				4787C11320AAAC0E00139443 /* Frameworks */,
				4787C11420AAAC0E00139443 /* Resources */,
			);
			buildRules = (
			);
			dependencies = (
			);
			name = size;
			productName = size;
			productReference = 4787C11620AAAC0E00139443 /* size.app */;
			productType = "com.apple.product-type.application";
		};
/* End PBXNativeTarget section */

/* Begin PBXProject section */
		4787C10E20AAAC0E00139443 /* Project object */ = {
			isa = PBXProject;
			attributes = {
				LastUpgradeCheck = 0830;
				ORGANIZATIONNAME = sunder;
				TargetAttributes = {
					4787C11520AAAC0E00139443 = {
						CreatedOnToolsVersion = 8.3.2;
						ProvisioningStyle = Automatic;
					};
				};
			};
			buildConfigurationList = 4787C11120AAAC0E00139443 /* Build configuration list for PBXProject "size" */;
			compatibilityVersion = "Xcode 3.2";
			developmentRegion = English;
			hasScannedForEncodings = 0;
			knownRegions = (
				en,
				Base,
			);
			mainGroup = 4787C10D20AAAC0E00139443;
			productRefGroup = 4787C11720AAAC0E00139443 /* Products */;
			projectDirPath = "";
			projectRoot = "";
			targets = (
				4787C11520AAAC0E00139443 /* size */,
			);
		};
/* End PBXProject section */

/* Begin PBXResourcesBuildPhase section */
		4787C11420AAAC0E00139443 /* Resources */ = {
			isa = PBXResourcesBuildPhase;
			buildActionMask = 2147483647;
			files = (
				4787C12920AAAC0E00139443 /* LaunchScreen.storyboard in Resources */,
				4787C12620AAAC0E00139443 /* Assets.xcassets in Resources */,
				4787C12420AAAC0E00139443 /* Main.storyboard in Resources */,
			);
			runOnlyForDeploymentPostprocessing = 0;
		};
/* End PBXResourcesBuildPhase section */

/* Begin PBXSourcesBuildPhase section */
		4787C11220AAAC0E00139443 /* Sources */ = {
			isa = PBXSourcesBuildPhase;
			buildActionMask = 2147483647;
			files = (
				4787C12120AAAC0E00139443 /* ViewController.m in Sources */,
				4787C11E20AAAC0E00139443 /* AppDelegate.m in Sources */,
				4787C11B20AAAC0E00139443 /* main.m in Sources */,
			);
			runOnlyForDeploymentPostprocessing = 0;
		};
/* End PBXSourcesBuildPhase section */

/* Begin PBXVariantGroup section */
		4787C12220AAAC0E00139443 /* Main.storyboard */ = {
			isa = PBXVariantGroup;
			children = (
				4787C12320AAAC0E00139443 /* Base */,
			);
			name = Main.storyboard;
			sourceTree = "<group>";
		};
		4787C12720AAAC0E00139443 /* LaunchScreen.storyboard */ = {
			isa = PBXVariantGroup;
			children = (
				4787C12820AAAC0E00139443 /* Base */,
			);
			name = LaunchScreen.storyboard;
			sourceTree = "<group>";
		};
/* End PBXVariantGroup section */

/* Begin XCBuildConfiguration section */
		4787C12B20AAAC0E00139443 /* Debug */ = {
			isa = XCBuildConfiguration;
			buildSettings = {
				ALWAYS_SEARCH_USER_PATHS = NO;
				CLANG_ANALYZER_NONNULL = YES;
				CLANG_ANALYZER_NUMBER_OBJECT_CONVERSION = YES_AGGRESSIVE;
				CLANG_CXX_LANGUAGE_STANDARD = "gnu++0x";
				CLANG_CXX_LIBRARY = "libc++";
				CLANG_ENABLE_MODULES = YES;
				CLANG_ENABLE_OBJC_ARC = YES;
				CLANG_WARN_BOOL_CONVERSION = YES;
				CLANG_WARN_CONSTANT_CONVERSION = YES;
				CLANG_WARN_DIRECT_OBJC_ISA_USAGE = YES_ERROR;
				CLANG_WARN_DOCUMENTATION_COMMENTS = YES;
				CLANG_WARN_EMPTY_BODY = YES;
				CLANG_WARN_ENUM_CONVERSION = YES;
				CLANG_WARN_INFINITE_RECURSION = YES;
				CLANG_WARN_INT_CONVERSION = YES;
				CLANG_WARN_OBJC_ROOT_CLASS = YES_ERROR;
				CLANG_WARN_SUSPICIOUS_MOVE = YES;
				CLANG_WARN_UNREACHABLE_CODE = YES;
				CLANG_WARN__DUPLICATE_METHOD_MATCH = YES;
				"CODE_SIGN_IDENTITY[sdk=iphoneos*]" = "iPhone Developer";
				COPY_PHASE_STRIP = NO;
				DEBUG_INFORMATION_FORMAT = dwarf;
				ENABLE_STRICT_OBJC_MSGSEND = YES;
				ENABLE_TESTABILITY = YES;
				GCC_C_LANGUAGE_STANDARD = gnu99;
				GCC_DYNAMIC_NO_PIC = NO;
				GCC_NO_COMMON_BLOCKS = YES;
				GCC_OPTIMIZATION_LEVEL = 0;
				GCC_PREPROCESSOR_DEFINITIONS = (
					"DEBUG=1",
					"$(inherited)",
				);
				GCC_WARN_64_TO_32_BIT_CONVERSION = YES;
				GCC_WARN_ABOUT_RETURN_TYPE = YES_ERROR;
				GCC_WARN_UNDECLARED_SELECTOR = YES;
				GCC_WARN_UNINITIALIZED_AUTOS = YES_AGGRESSIVE;
				GCC_WARN_UNUSED_FUNCTION = YES;
				GCC_WARN_UNUSED_VARIABLE = YES;
				IPHONEOS_DEPLOYMENT_TARGET = 10.3;
				MTL_ENABLE_DEBUG_INFO = YES;
				ONLY_ACTIVE_ARCH = YES;
				SDKROOT = iphoneos;
				TARGETED_DEVICE_FAMILY = "1,2";
			};
			name = Debug;
		};
		4787C12C20AAAC0E00139443 /* Release */ = {
			isa = XCBuildConfiguration;
			buildSettings = {
				ALWAYS_SEARCH_USER_PATHS = NO;
				CLANG_ANALYZER_NONNULL = YES;
				CLANG_ANALYZER_NUMBER_OBJECT_CONVERSION = YES_AGGRESSIVE;
				CLANG_CXX_LANGUAGE_STANDARD = "gnu++0x";
				CLANG_CXX_LIBRARY = "libc++";
				CLANG_ENABLE_MODULES = YES;
				CLANG_ENABLE_OBJC_ARC = YES;
				CLANG_WARN_BOOL_CONVERSION = YES;
				CLANG_WARN_CONSTANT_CONVERSION = YES;
				CLANG_WARN_DIRECT_OBJC_ISA_USAGE = YES_ERROR;
				CLANG_WARN_DOCUMENTATION_COMMENTS = YES;
				CLANG_WARN_EMPTY_BODY = YES;
				CLANG_WARN_ENUM_CONVERSION = YES;
				CLANG_WARN_INFINITE_RECURSION = YES;
				CLANG_WARN_INT_CONVERSION = YES;
				CLANG_WARN_OBJC_ROOT_CLASS = YES_ERROR;
				CLANG_WARN_SUSPICIOUS_MOVE = YES;
				CLANG_WARN_UNREACHABLE_CODE = YES;
				CLANG_WARN__DUPLICATE_METHOD_MATCH = YES;
				"CODE_SIGN_IDENTITY[sdk=iphoneos*]" = "iPhone Developer";
				COPY_PHASE_STRIP = NO;
				DEBUG_INFORMATION_FORMAT = "dwarf-with-dsym";
				ENABLE_NS_ASSERTIONS = NO;
				ENABLE_STRICT_OBJC_MSGSEND = YES;
				GCC_C_LANGUAGE_STANDARD = gnu99;
				GCC_NO_COMMON_BLOCKS = YES;
				GCC_WARN_64_TO_32_BIT_CONVERSION = YES;
				GCC_WARN_ABOUT_RETURN_TYPE = YES_ERROR;
				GCC_WARN_UNDECLARED_SELECTOR = YES;
				GCC_WARN_UNINITIALIZED_AUTOS = YES_AGGRESSIVE;
				GCC_WARN_UNUSED_FUNCTION = YES;
				GCC_WARN_UNUSED_VARIABLE = YES;
				IPHONEOS_DEPLOYMENT_TARGET = 10.3;
				MTL_ENABLE_DEBUG_INFO = NO;
				SDKROOT = iphoneos;
				TARGETED_DEVICE_FAMILY = "1,2";
				VALIDATE_PRODUCT = YES;
			};
			name = Release;
		};
		4787C12E20AAAC0E00139443 /* Debug */ = {
			isa = XCBuildConfiguration;
			buildSettings = {
				ASSETCATALOG_COMPILER_APPICON_NAME = AppIcon;
				INFOPLIST_FILE = size/Info.plist;
				LD_RUNPATH_SEARCH_PATHS = "$(inherited) @executable_path/Frameworks";
				PRODUCT_BUNDLE_IDENTIFIER = com.app.chocotesting.size;
				PRODUCT_NAME = "$(TARGET_NAME)";
			};
			name = Debug;
		};
		4787C12F20AAAC0E00139443 /* Release */ = {
			isa = XCBuildConfiguration;
			buildSettings = {
				ASSETCATALOG_COMPILER_APPICON_NAME = AppIcon;
				INFOPLIST_FILE = size/Info.plist;
				LD_RUNPATH_SEARCH_PATHS = "$(inherited) @executable_path/Frameworks";
				PRODUCT_BUNDLE_IDENTIFIER = com.app.chocotesting.size;
				PRODUCT_NAME = "$(TARGET_NAME)";
			};
			name = Release;
		};
/* End XCBuildConfiguration section */

/* Begin XCConfigurationList section */
		4787C11120AAAC0E00139443 /* Build configuration list for PBXProject "size" */ = {
			isa = XCConfigurationList;
			buildConfigurations = (
				4787C12B20AAAC0E00139443 /* Debug */,
				4787C12C20AAAC0E00139443 /* Release */,
			);
			defaultConfigurationIsVisible = 0;
			defaultConfigurationName = Release;
		};
		4787C12D20AAAC0E00139443 /* Build configuration list for PBXNativeTarget "size" */ = {
			isa = XCConfigurationList;
			buildConfigurations = (
				4787C12E20AAAC0E00139443 /* Debug */,
				4787C12F20AAAC0E00139443 /* Release */,
			);
			defaultConfigurationIsVisible = 0;
		};
/* End XCConfigurationList section */
	};
	rootObject = 4787C10E20AAAC0E00139443 /* Project object */;
}
